
Microsoft Visual Studio Solution File, Format Version 12.00
# Visual Studio Version 16
VisualStudioVersion = 16.0.31729.503
MinimumVisualStudioVersion = 10.0.40219.1
Project("{FAE04EC0-301F-11D3-BF4B-00C04F79EFBC}") = "WindowsFormsAppRetoCrud", "WindowsFormsAppRetoCrud\WindowsFormsAppRetoCrud.csproj", "{21ADA675-0279-4784-88A2-6AEDFE71B206}"
EndProject
Project("{2150E333-8FDC-42A3-9474-1A3956D46DE8}") = "Windows Forms", "Windows Forms", "{B2F79909-E37F-4071-B9FF-FA52867C8277}"
EndProject
Global
	GlobalSection(SolutionConfigurationPlatforms) = preSolution
		Debug|Any CPU = Debug|Any CPU
		Release|Any CPU = Release|Any CPU
	EndGlobalSection
	GlobalSection(ProjectConfigurationPlatforms) = postSolution
		{21ADA675-0279-4784-88A2-6AEDFE71B206}.Debug|Any CPU.ActiveCfg = Debug|Any CPU
		{21ADA675-0279-4784-88A2-6AEDFE71B206}.Debug|Any CPU.Build.0 = Debug|Any CPU
		{21ADA675-0279-4784-88A2-6AEDFE71B206}.Release|Any CPU.ActiveCfg = Release|Any CPU
		{21ADA675-0279-4784-88A2-6AEDFE71B206}.Release|Any CPU.Build.0 = Release|Any CPU
	EndGlobalSection
	GlobalSection(SolutionProperties) = preSolution
		HideSolutionNode = FALSE
	EndGlobalSection
	GlobalSection(NestedProjects) = preSolution
		{21ADA675-0279-4784-88A2-6AEDFE71B206} = {B2F79909-E37F-4071-B9FF-FA52867C8277}
	EndGlobalSection
	GlobalSection(ExtensibilityGlobals) = postSolution
		SolutionGuid = {E1CD951E-BD23-4F93-849F-AF249C43EC47}
	EndGlobalSection
EndGlobal
